{
    "_meta": {
        "hash": {
            "sha256": "1ddb8d256bd74dfe18974860899d58600074f52926745675e379c3b900943512"
        },
        "pipfile-spec": 6,
        "requires": {
            "python_version": "3.8"
        },
        "sources": [
            {
                "name": "pypi",
                "url": "https://pypi.org/simple",
                "verify_ssl": true
            }
        ]
    },
    "default": {
        "decorators": {
            "hashes": [
                "sha256:9cf26202d6170a5cdca8a9cf6cd4b467c10601d4a9076470bceb9d282a5fa28a"
            ],
            "index": "pypi",
            "version": "==2.0.7"
        }
    },
    "develop": {}
}
